
Microsoft Visual Studio Solution File, Format Version 11.00
# Visual Studio 2010
Project("{8BC9CEB8-8B4A-11D0-8D11-00A0C91BC942}") = "zipei", "zipei\zipei.vcxproj", "{8B05CF54-D667-4478-AB66-8A70745D8074}"
EndProject
Project("{8BC9CEB8-8B4A-11D0-8D11-00A0C91BC942}") = "SocketClient", "SocketClient\SocketClient.vcxproj", "{CBCACFBF-51F7-4323-885D-E83AC86D07C8}"
EndProject
Global
	GlobalSection(SolutionConfigurationPlatforms) = preSolution
		Debug|Win32 = Debug|Win32
		Release|Win32 = Release|Win32
	EndGlobalSection
	GlobalSection(ProjectConfigurationPlatforms) = postSolution
		{8B05CF54-D667-4478-AB66-8A70745D8074}.Debug|Win32.ActiveCfg = Debug|Win32
		{8B05CF54-D667-4478-AB66-8A70745D8074}.Debug|Win32.Build.0 = Debug|Win32
		{8B05CF54-D667-4478-AB66-8A70745D8074}.Release|Win32.ActiveCfg = Release|Win32
		{8B05CF54-D667-4478-AB66-8A70745D8074}.Release|Win32.Build.0 = Release|Win32
		{CBCACFBF-51F7-4323-885D-E83AC86D07C8}.Debug|Win32.ActiveCfg = Debug|Win32
		{CBCACFBF-51F7-4323-885D-E83AC86D07C8}.Debug|Win32.Build.0 = Debug|Win32
		{CBCACFBF-51F7-4323-885D-E83AC86D07C8}.Release|Win32.ActiveCfg = Release|Win32
		{CBCACFBF-51F7-4323-885D-E83AC86D07C8}.Release|Win32.Build.0 = Release|Win32
	EndGlobalSection
	GlobalSection(SolutionProperties) = preSolution
		HideSolutionNode = FALSE
	EndGlobalSection
EndGlobal
